// !$*UTF8*$!
{
	archiveVersion = 1;
	classes = {
	};
	objectVersion = 50;
	objects = {

/* Begin PBXBuildFile section */
		087FCE8F24205C4A00465384 /* AppDelegate.swift in Sources */ = {isa = PBXBuildFile; fileRef = 087FCE8E24205C4A00465384 /* AppDelegate.swift */; };
		087FCE9124205C4A00465384 /* SceneDelegate.swift in Sources */ = {isa = PBXBuildFile; fileRef = 087FCE9024205C4A00465384 /* SceneDelegate.swift */; };
		087FCE9324205C4A00465384 /* ContentView.swift in Sources */ = {isa = PBXBuildFile; fileRef = 087FCE9224205C4A00465384 /* ContentView.swift */; };
		087FCE9524205C4F00465384 /* Assets.xcassets in Resources */ = {isa = PBXBuildFile; fileRef = 087FCE9424205C4F00465384 /* Assets.xcassets */; };
		087FCE9824205C4F00465384 /* Preview Assets.xcassets in Resources */ = {isa = PBXBuildFile; fileRef = 087FCE9724205C4F00465384 /* Preview Assets.xcassets */; };
		087FCE9B24205C4F00465384 /* LaunchScreen.storyboard in Resources */ = {isa = PBXBuildFile; fileRef = 087FCE9924205C4F00465384 /* LaunchScreen.storyboard */; };
		087FCEA424206A2700465384 /* ContainerManager.swift in Sources */ = {isa = PBXBuildFile; fileRef = 087FCEA324206A2700465384 /* ContainerManager.swift */; };
		087FCEA624206CF900465384 /* Document.swift in Sources */ = {isa = PBXBuildFile; fileRef = 087FCEA524206CF800465384 /* Document.swift */; };
/* End PBXBuildFile section */

/* Begin PBXFileReference section */
		087FCE8B24205C4A00465384 /* iCloudDocumentTest.app */ = {isa = PBXFileReference; explicitFileType = wrapper.application; includeInIndex = 0; path = iCloudDocumentTest.app; sourceTree = BUILT_PRODUCTS_DIR; };
		087FCE8E24205C4A00465384 /* AppDelegate.swift */ = {isa = PBXFileReference; lastKnownFileType = sourcecode.swift; path = AppDelegate.swift; sourceTree = "<group>"; };
		087FCE9024205C4A00465384 /* SceneDelegate.swift */ = {isa = PBXFileReference; lastKnownFileType = sourcecode.swift; path = SceneDelegate.swift; sourceTree = "<group>"; };
		087FCE9224205C4A00465384 /* ContentView.swift */ = {isa = PBXFileReference; lastKnownFileType = sourcecode.swift; path = ContentView.swift; sourceTree = "<group>"; };
		087FCE9424205C4F00465384 /* Assets.xcassets */ = {isa = PBXFileReference; lastKnownFileType = folder.assetcatalog; path = Assets.xcassets; sourceTree = "<group>"; };
		087FCE9724205C4F00465384 /* Preview Assets.xcassets */ = {isa = PBXFileReference; lastKnownFileType = folder.assetcatalog; path = "Preview Assets.xcassets"; sourceTree = "<group>"; };
		087FCE9A24205C4F00465384 /* Base */ = {isa = PBXFileReference; lastKnownFileType = file.storyboard; name = Base; path = Base.lproj/LaunchScreen.storyboard; sourceTree = "<group>"; };
		087FCE9C24205C4F00465384 /* Info.plist */ = {isa = PBXFileReference; lastKnownFileType = text.plist.xml; path = Info.plist; sourceTree = "<group>"; };
		087FCEA2242060DD00465384 /* iCloudDocumentTest.entitlements */ = {isa = PBXFileReference; lastKnownFileType = text.plist.entitlements; path = iCloudDocumentTest.entitlements; sourceTree = "<group>"; };
		087FCEA324206A2700465384 /* ContainerManager.swift */ = {isa = PBXFileReference; lastKnownFileType = sourcecode.swift; path = ContainerManager.swift; sourceTree = "<group>"; };
		087FCEA524206CF800465384 /* Document.swift */ = {isa = PBXFileReference; lastKnownFileType = sourcecode.swift; path = Document.swift; sourceTree = "<group>"; };
/* End PBXFileReference section */

/* Begin PBXFrameworksBuildPhase section */
		087FCE8824205C4A00465384 /* Frameworks */ = {
			isa = PBXFrameworksBuildPhase;
			buildActionMask = 2147483647;
			files = (
			);
			runOnlyForDeploymentPostprocessing = 0;
		};
/* End PBXFrameworksBuildPhase section */

/* Begin PBXGroup section */
		087FCE8224205C4A00465384 = {
			isa = PBXGroup;
			children = (
				087FCE8D24205C4A00465384 /* iCloudDocumentTest */,
				087FCE8C24205C4A00465384 /* Products */,
			);
			sourceTree = "<group>";
		};
		087FCE8C24205C4A00465384 /* Products */ = {
			isa = PBXGroup;
			children = (
				087FCE8B24205C4A00465384 /* iCloudDocumentTest.app */,
			);
			name = Products;
			sourceTree = "<group>";
		};
		087FCE8D24205C4A00465384 /* iCloudDocumentTest */ = {
			isa = PBXGroup;
			children = (
				087FCEA2242060DD00465384 /* iCloudDocumentTest.entitlements */,
				087FCE8E24205C4A00465384 /* AppDelegate.swift */,
				087FCE9024205C4A00465384 /* SceneDelegate.swift */,
				087FCE9224205C4A00465384 /* ContentView.swift */,
				087FCE9424205C4F00465384 /* Assets.xcassets */,
				087FCE9924205C4F00465384 /* LaunchScreen.storyboard */,
				087FCE9C24205C4F00465384 /* Info.plist */,
				087FCE9624205C4F00465384 /* Preview Content */,
				087FCEA324206A2700465384 /* ContainerManager.swift */,
				087FCEA524206CF800465384 /* Document.swift */,
			);
			path = iCloudDocumentTest;
			sourceTree = "<group>";
		};
		087FCE9624205C4F00465384 /* Preview Content */ = {
			isa = PBXGroup;
			children = (
				087FCE9724205C4F00465384 /* Preview Assets.xcassets */,
			);
			path = "Preview Content";
			sourceTree = "<group>";
		};
/* End PBXGroup section */

/* Begin PBXNativeTarget section */
		087FCE8A24205C4A00465384 /* iCloudDocumentTest */ = {
			isa = PBXNativeTarget;
			buildConfigurationList = 087FCE9F24205C4F00465384 /* Build configuration list for PBXNativeTarget "iCloudDocumentTest" */;
			buildPhases = (
				087FCE8724205C4A00465384 /* Sources */,
				087FCE8824205C4A00465384 /* Frameworks */,
				087FCE8924205C4A00465384 /* Resources */,
			);
			buildRules = (
			);
			dependencies = (
			);
			name = iCloudDocumentTest;
			productName = iCloudDocumentTest;
			productReference = 087FCE8B24205C4A00465384 /* iCloudDocumentTest.app */;
			productType = "com.apple.product-type.application";
		};
/* End PBXNativeTarget section */

/* Begin PBXProject section */
		087FCE8324205C4A00465384 /* Project object */ = {
			isa = PBXProject;
			attributes = {
				LastSwiftUpdateCheck = 1130;
				LastUpgradeCheck = 1130;
				ORGANIZATIONNAME = kakeru;
				TargetAttributes = {
					087FCE8A24205C4A00465384 = {
						CreatedOnToolsVersion = 11.3.1;
					};
				};
			};
			buildConfigurationList = 087FCE8624205C4A00465384 /* Build configuration list for PBXProject "iCloudDocumentTest" */;
			compatibilityVersion = "Xcode 9.3";
			developmentRegion = en;
			hasScannedForEncodings = 0;
			knownRegions = (
				en,
				Base,
			);
			mainGroup = 087FCE8224205C4A00465384;
			productRefGroup = 087FCE8C24205C4A00465384 /* Products */;
			projectDirPath = "";
			projectRoot = "";
			targets = (
				087FCE8A24205C4A00465384 /* iCloudDocumentTest */,
			);
		};
/* End PBXProject section */

/* Begin PBXResourcesBuildPhase section */
		087FCE8924205C4A00465384 /* Resources */ = {
			isa = PBXResourcesBuildPhase;
			buildActionMask = 2147483647;
			files = (
				087FCE9B24205C4F00465384 /* LaunchScreen.storyboard in Resources */,
				087FCE9824205C4F00465384 /* Preview Assets.xcassets in Resources */,
				087FCE9524205C4F00465384 /* Assets.xcassets in Resources */,
			);
			runOnlyForDeploymentPostprocessing = 0;
		};
/* End PBXResourcesBuildPhase section */

/* Begin PBXSourcesBuildPhase section */
		087FCE8724205C4A00465384 /* Sources */ = {
			isa = PBXSourcesBuildPhase;
			buildActionMask = 2147483647;
			files = (
				087FCE8F24205C4A00465384 /* AppDelegate.swift in Sources */,
				087FCE9124205C4A00465384 /* SceneDelegate.swift in Sources */,
				087FCE9324205C4A00465384 /* ContentView.swift in Sources */,
				087FCEA424206A2700465384 /* ContainerManager.swift in Sources */,
				087FCEA624206CF900465384 /* Document.swift in Sources */,
			);
			runOnlyForDeploymentPostprocessing = 0;
		};
/* End PBXSourcesBuildPhase section */

/* Begin PBXVariantGroup section */
		087FCE9924205C4F00465384 /* LaunchScreen.storyboard */ = {
			isa = PBXVariantGroup;
			children = (
				087FCE9A24205C4F00465384 /* Base */,
			);
			name = LaunchScreen.storyboard;
			sourceTree = "<group>";
		};
/* End PBXVariantGroup section */

/* Begin XCBuildConfiguration section */
		087FCE9D24205C4F00465384 /* Debug */ = {
			isa = XCBuildConfiguration;
			buildSettings = {
				ALWAYS_SEARCH_USER_PATHS = NO;
				CLANG_ANALYZER_NONNULL = YES;
				CLANG_ANALYZER_NUMBER_OBJECT_CONVERSION = YES_AGGRESSIVE;
				CLANG_CXX_LANGUAGE_STANDARD = "gnu++14";
				CLANG_CXX_LIBRARY = "libc++";
				CLANG_ENABLE_MODULES = YES;
				CLANG_ENABLE_OBJC_ARC = YES;
				CLANG_ENABLE_OBJC_WEAK = YES;
				CLANG_WARN_BLOCK_CAPTURE_AUTORELEASING = YES;
				CLANG_WARN_BOOL_CONVERSION = YES;
				CLANG_WARN_COMMA = YES;
				CLANG_WARN_CONSTANT_CONVERSION = YES;
				CLANG_WARN_DEPRECATED_OBJC_IMPLEMENTATIONS = YES;
				CLANG_WARN_DIRECT_OBJC_ISA_USAGE = YES_ERROR;
				CLANG_WARN_DOCUMENTATION_COMMENTS = YES;
				CLANG_WARN_EMPTY_BODY = YES;
				CLANG_WARN_ENUM_CONVERSION = YES;
				CLANG_WARN_INFINITE_RECURSION = YES;
				CLANG_WARN_INT_CONVERSION = YES;
				CLANG_WARN_NON_LITERAL_NULL_CONVERSION = YES;
				CLANG_WARN_OBJC_IMPLICIT_RETAIN_SELF = YES;
				CLANG_WARN_OBJC_LITERAL_CONVERSION = YES;
				CLANG_WARN_OBJC_ROOT_CLASS = YES_ERROR;
				CLANG_WARN_RANGE_LOOP_ANALYSIS = YES;
				CLANG_WARN_STRICT_PROTOTYPES = YES;
				CLANG_WARN_SUSPICIOUS_MOVE = YES;
				CLANG_WARN_UNGUARDED_AVAILABILITY = YES_AGGRESSIVE;
				CLANG_WARN_UNREACHABLE_CODE = YES;
				CLANG_WARN__DUPLICATE_METHOD_MATCH = YES;
				COPY_PHASE_STRIP = NO;
				DEBUG_INFORMATION_FORMAT = dwarf;
				ENABLE_STRICT_OBJC_MSGSEND = YES;
				ENABLE_TESTABILITY = YES;
				GCC_C_LANGUAGE_STANDARD = gnu11;
				GCC_DYNAMIC_NO_PIC = NO;
				GCC_NO_COMMON_BLOCKS = YES;
				GCC_OPTIMIZATION_LEVEL = 0;
				GCC_PREPROCESSOR_DEFINITIONS = (
					"DEBUG=1",
					"$(inherited)",
				);
				GCC_WARN_64_TO_32_BIT_CONVERSION = YES;
				GCC_WARN_ABOUT_RETURN_TYPE = YES_ERROR;
				GCC_WARN_UNDECLARED_SELECTOR = YES;
				GCC_WARN_UNINITIALIZED_AUTOS = YES_AGGRESSIVE;
				GCC_WARN_UNUSED_FUNCTION = YES;
				GCC_WARN_UNUSED_VARIABLE = YES;
				IPHONEOS_DEPLOYMENT_TARGET = 13.2;
				MTL_ENABLE_DEBUG_INFO = INCLUDE_SOURCE;
				MTL_FAST_MATH = YES;
				ONLY_ACTIVE_ARCH = YES;
				SDKROOT = iphoneos;
				SWIFT_ACTIVE_COMPILATION_CONDITIONS = DEBUG;
				SWIFT_OPTIMIZATION_LEVEL = "-Onone";
			};
			name = Debug;
		};
		087FCE9E24205C4F00465384 /* Release */ = {
			isa = XCBuildConfiguration;
			buildSettings = {
				ALWAYS_SEARCH_USER_PATHS = NO;
				CLANG_ANALYZER_NONNULL = YES;
				CLANG_ANALYZER_NUMBER_OBJECT_CONVERSION = YES_AGGRESSIVE;
				CLANG_CXX_LANGUAGE_STANDARD = "gnu++14";
				CLANG_CXX_LIBRARY = "libc++";
				CLANG_ENABLE_MODULES = YES;
				CLANG_ENABLE_OBJC_ARC = YES;
				CLANG_ENABLE_OBJC_WEAK = YES;
				CLANG_WARN_BLOCK_CAPTURE_AUTORELEASING = YES;
				CLANG_WARN_BOOL_CONVERSION = YES;
				CLANG_WARN_COMMA = YES;
				CLANG_WARN_CONSTANT_CONVERSION = YES;
				CLANG_WARN_DEPRECATED_OBJC_IMPLEMENTATIONS = YES;
				CLANG_WARN_DIRECT_OBJC_ISA_USAGE = YES_ERROR;
				CLANG_WARN_DOCUMENTATION_COMMENTS = YES;
				CLANG_WARN_EMPTY_BODY = YES;
				CLANG_WARN_ENUM_CONVERSION = YES;
				CLANG_WARN_INFINITE_RECURSION = YES;
				CLANG_WARN_INT_CONVERSION = YES;
				CLANG_WARN_NON_LITERAL_NULL_CONVERSION = YES;
				CLANG_WARN_OBJC_IMPLICIT_RETAIN_SELF = YES;
				CLANG_WARN_OBJC_LITERAL_CONVERSION = YES;
				CLANG_WARN_OBJC_ROOT_CLASS = YES_ERROR;
				CLANG_WARN_RANGE_LOOP_ANALYSIS = YES;
				CLANG_WARN_STRICT_PROTOTYPES = YES;
				CLANG_WARN_SUSPICIOUS_MOVE = YES;
				CLANG_WARN_UNGUARDED_AVAILABILITY = YES_AGGRESSIVE;
				CLANG_WARN_UNREACHABLE_CODE = YES;
				CLANG_WARN__DUPLICATE_METHOD_MATCH = YES;
				COPY_PHASE_STRIP = NO;
				DEBUG_INFORMATION_FORMAT = "dwarf-with-dsym";
				ENABLE_NS_ASSERTIONS = NO;
				ENABLE_STRICT_OBJC_MSGSEND = YES;
				GCC_C_LANGUAGE_STANDARD = gnu11;
				GCC_NO_COMMON_BLOCKS = YES;
				GCC_WARN_64_TO_32_BIT_CONVERSION = YES;
				GCC_WARN_ABOUT_RETURN_TYPE = YES_ERROR;
				GCC_WARN_UNDECLARED_SELECTOR = YES;
				GCC_WARN_UNINITIALIZED_AUTOS = YES_AGGRESSIVE;
				GCC_WARN_UNUSED_FUNCTION = YES;
				GCC_WARN_UNUSED_VARIABLE = YES;
				IPHONEOS_DEPLOYMENT_TARGET = 13.2;
				MTL_ENABLE_DEBUG_INFO = NO;
				MTL_FAST_MATH = YES;
				SDKROOT = iphoneos;
				SWIFT_COMPILATION_MODE = wholemodule;
				SWIFT_OPTIMIZATION_LEVEL = "-O";
				VALIDATE_PRODUCT = YES;
			};
			name = Release;
		};
		087FCEA024205C4F00465384 /* Debug */ = {
			isa = XCBuildConfiguration;
			buildSettings = {
				ASSETCATALOG_COMPILER_APPICON_NAME = AppIcon;
				CODE_SIGN_ENTITLEMENTS = iCloudDocumentTest/iCloudDocumentTest.entitlements;
				CODE_SIGN_STYLE = Automatic;
				DEVELOPMENT_ASSET_PATHS = "\"iCloudDocumentTest/Preview Content\"";
				DEVELOPMENT_TEAM = 89944GJ9HX;
				ENABLE_PREVIEWS = YES;
				INFOPLIST_FILE = iCloudDocumentTest/Info.plist;
				LD_RUNPATH_SEARCH_PATHS = (
					"$(inherited)",
					"@executable_path/Frameworks",
				);
				PRODUCT_BUNDLE_IDENTIFIER = kakeru.iCloudDocumentTest;
				PRODUCT_NAME = "$(TARGET_NAME)";
				SWIFT_VERSION = 5.0;
				TARGETED_DEVICE_FAMILY = "1,2";
			};
			name = Debug;
		};
		087FCEA124205C4F00465384 /* Release */ = {
			isa = XCBuildConfiguration;
			buildSettings = {
				ASSETCATALOG_COMPILER_APPICON_NAME = AppIcon;
				CODE_SIGN_ENTITLEMENTS = iCloudDocumentTest/iCloudDocumentTest.entitlements;
				CODE_SIGN_STYLE = Automatic;
				DEVELOPMENT_ASSET_PATHS = "\"iCloudDocumentTest/Preview Content\"";
				DEVELOPMENT_TEAM = 89944GJ9HX;
				ENABLE_PREVIEWS = YES;
				INFOPLIST_FILE = iCloudDocumentTest/Info.plist;
				LD_RUNPATH_SEARCH_PATHS = (
					"$(inherited)",
					"@executable_path/Frameworks",
				);
				PRODUCT_BUNDLE_IDENTIFIER = kakeru.iCloudDocumentTest;
				PRODUCT_NAME = "$(TARGET_NAME)";
				SWIFT_VERSION = 5.0;
				TARGETED_DEVICE_FAMILY = "1,2";
			};
			name = Release;
		};
/* End XCBuildConfiguration section */

/* Begin XCConfigurationList section */
		087FCE8624205C4A00465384 /* Build configuration list for PBXProject "iCloudDocumentTest" */ = {
			isa = XCConfigurationList;
			buildConfigurations = (
				087FCE9D24205C4F00465384 /* Debug */,
				087FCE9E24205C4F00465384 /* Release */,
			);
			defaultConfigurationIsVisible = 0;
			defaultConfigurationName = Release;
		};
		087FCE9F24205C4F00465384 /* Build configuration list for PBXNativeTarget "iCloudDocumentTest" */ = {
			isa = XCConfigurationList;
			buildConfigurations = (
				087FCEA024205C4F00465384 /* Debug */,
				087FCEA124205C4F00465384 /* Release */,
			);
			defaultConfigurationIsVisible = 0;
			defaultConfigurationName = Release;
		};
/* End XCConfigurationList section */
	};
	rootObject = 087FCE8324205C4A00465384 /* Project object */;
}
